// !$*UTF8*$!
{
	archiveVersion = 1;
	classes = {
	};
	objectVersion = 50;
	objects = {

/* Begin PBXBuildFile section */
		BBF36A91228FE2B0008326DF /* AppDelegate.swift in Sources */ = {isa = PBXBuildFile; fileRef = BBF36A90228FE2B0008326DF /* AppDelegate.swift */; };
		BBF36A93228FE2B0008326DF /* ViewController.swift in Sources */ = {isa = PBXBuildFile; fileRef = BBF36A92228FE2B0008326DF /* ViewController.swift */; };
		BBF36A96228FE2B0008326DF /* Main.storyboard in Resources */ = {isa = PBXBuildFile; fileRef = BBF36A94228FE2B0008326DF /* Main.storyboard */; };
		BBF36A98228FE2B2008326DF /* Assets.xcassets in Resources */ = {isa = PBXBuildFile; fileRef = BBF36A97228FE2B2008326DF /* Assets.xcassets */; };
		BBF36A9B228FE2B2008326DF /* LaunchScreen.storyboard in Resources */ = {isa = PBXBuildFile; fileRef = BBF36A99228FE2B2008326DF /* LaunchScreen.storyboard */; };
		BBF36AA4228FE4DE008326DF /* Directors.swift in Sources */ = {isa = PBXBuildFile; fileRef = BBF36AA3228FE4DE008326DF /* Directors.swift */; };
		BBF36AA6228FE51E008326DF /* Films.swift in Sources */ = {isa = PBXBuildFile; fileRef = BBF36AA5228FE51E008326DF /* Films.swift */; };
		BBF36AAB228FE901008326DF /* DirectorDetailViewController.swift in Sources */ = {isa = PBXBuildFile; fileRef = BBF36AAA228FE901008326DF /* DirectorDetailViewController.swift */; };
		BBF36AAD228FE959008326DF /* directors.json in Resources */ = {isa = PBXBuildFile; fileRef = BBF36AAC228FE959008326DF /* directors.json */; };
		BBF36AB122900916008326DF /* DirectorsTableViewCell.swift in Sources */ = {isa = PBXBuildFile; fileRef = BBF36AB022900916008326DF /* DirectorsTableViewCell.swift */; };
		BBF49E44229124BA0087327E /* FilmTableViewCell.swift in Sources */ = {isa = PBXBuildFile; fileRef = BBF49E43229124BA0087327E /* FilmTableViewCell.swift */; };
/* End PBXBuildFile section */

/* Begin PBXFileReference section */
		BBF36A8D228FE2B0008326DF /* AutoResizeTableView.app */ = {isa = PBXFileReference; explicitFileType = wrapper.application; includeInIndex = 0; path = AutoResizeTableView.app; sourceTree = BUILT_PRODUCTS_DIR; };
		BBF36A90228FE2B0008326DF /* AppDelegate.swift */ = {isa = PBXFileReference; lastKnownFileType = sourcecode.swift; path = AppDelegate.swift; sourceTree = "<group>"; };
		BBF36A92228FE2B0008326DF /* ViewController.swift */ = {isa = PBXFileReference; lastKnownFileType = sourcecode.swift; path = ViewController.swift; sourceTree = "<group>"; };
		BBF36A95228FE2B0008326DF /* Base */ = {isa = PBXFileReference; lastKnownFileType = file.storyboard; name = Base; path = Base.lproj/Main.storyboard; sourceTree = "<group>"; };
		BBF36A97228FE2B2008326DF /* Assets.xcassets */ = {isa = PBXFileReference; lastKnownFileType = folder.assetcatalog; path = Assets.xcassets; sourceTree = "<group>"; };
		BBF36A9A228FE2B2008326DF /* Base */ = {isa = PBXFileReference; lastKnownFileType = file.storyboard; name = Base; path = Base.lproj/LaunchScreen.storyboard; sourceTree = "<group>"; };
		BBF36A9C228FE2B2008326DF /* Info.plist */ = {isa = PBXFileReference; lastKnownFileType = text.plist.xml; path = Info.plist; sourceTree = "<group>"; };
		BBF36AA3228FE4DE008326DF /* Directors.swift */ = {isa = PBXFileReference; lastKnownFileType = sourcecode.swift; path = Directors.swift; sourceTree = "<group>"; };
		BBF36AA5228FE51E008326DF /* Films.swift */ = {isa = PBXFileReference; lastKnownFileType = sourcecode.swift; path = Films.swift; sourceTree = "<group>"; };
		BBF36AAA228FE901008326DF /* DirectorDetailViewController.swift */ = {isa = PBXFileReference; lastKnownFileType = sourcecode.swift; path = DirectorDetailViewController.swift; sourceTree = "<group>"; };
		BBF36AAC228FE959008326DF /* directors.json */ = {isa = PBXFileReference; lastKnownFileType = text.json; path = directors.json; sourceTree = "<group>"; };
		BBF36AB022900916008326DF /* DirectorsTableViewCell.swift */ = {isa = PBXFileReference; lastKnownFileType = sourcecode.swift; path = DirectorsTableViewCell.swift; sourceTree = "<group>"; };
		BBF49E43229124BA0087327E /* FilmTableViewCell.swift */ = {isa = PBXFileReference; lastKnownFileType = sourcecode.swift; path = FilmTableViewCell.swift; sourceTree = "<group>"; };
/* End PBXFileReference section */

/* Begin PBXFrameworksBuildPhase section */
		BBF36A8A228FE2B0008326DF /* Frameworks */ = {
			isa = PBXFrameworksBuildPhase;
			buildActionMask = 2147483647;
			files = (
			);
			runOnlyForDeploymentPostprocessing = 0;
		};
/* End PBXFrameworksBuildPhase section */

/* Begin PBXGroup section */
		BBF36A84228FE2B0008326DF = {
			isa = PBXGroup;
			children = (
				BBF36A8F228FE2B0008326DF /* AutoResizeTableView */,
				BBF36A8E228FE2B0008326DF /* Products */,
			);
			sourceTree = "<group>";
		};
		BBF36A8E228FE2B0008326DF /* Products */ = {
			isa = PBXGroup;
			children = (
				BBF36A8D228FE2B0008326DF /* AutoResizeTableView.app */,
			);
			name = Products;
			sourceTree = "<group>";
		};
		BBF36A8F228FE2B0008326DF /* AutoResizeTableView */ = {
			isa = PBXGroup;
			children = (
				BBF36AAF229008DB008326DF /* Custom Views */,
				BBF36AA7228FE54D008326DF /* ViewControllers */,
				BBF36AA2228FE4B6008326DF /* Models */,
				BBF36A90228FE2B0008326DF /* AppDelegate.swift */,
				BBF36A94228FE2B0008326DF /* Main.storyboard */,
				BBF36A97228FE2B2008326DF /* Assets.xcassets */,
				BBF36A99228FE2B2008326DF /* LaunchScreen.storyboard */,
				BBF36A9C228FE2B2008326DF /* Info.plist */,
				BBF36AAC228FE959008326DF /* directors.json */,
			);
			path = AutoResizeTableView;
			sourceTree = "<group>";
		};
		BBF36AA2228FE4B6008326DF /* Models */ = {
			isa = PBXGroup;
			children = (
				BBF36AA3228FE4DE008326DF /* Directors.swift */,
				BBF36AA5228FE51E008326DF /* Films.swift */,
			);
			path = Models;
			sourceTree = "<group>";
		};
		BBF36AA7228FE54D008326DF /* ViewControllers */ = {
			isa = PBXGroup;
			children = (
				BBF36A92228FE2B0008326DF /* ViewController.swift */,
				BBF36AAA228FE901008326DF /* DirectorDetailViewController.swift */,
			);
			path = ViewControllers;
			sourceTree = "<group>";
		};
		BBF36AAF229008DB008326DF /* Custom Views */ = {
			isa = PBXGroup;
			children = (
				BBF36AB022900916008326DF /* DirectorsTableViewCell.swift */,
				BBF49E43229124BA0087327E /* FilmTableViewCell.swift */,
			);
			path = "Custom Views";
			sourceTree = "<group>";
		};
/* End PBXGroup section */

/* Begin PBXNativeTarget section */
		BBF36A8C228FE2B0008326DF /* AutoResizeTableView */ = {
			isa = PBXNativeTarget;
			buildConfigurationList = BBF36A9F228FE2B2008326DF /* Build configuration list for PBXNativeTarget "AutoResizeTableView" */;
			buildPhases = (
				BBF36A89228FE2B0008326DF /* Sources */,
				BBF36A8A228FE2B0008326DF /* Frameworks */,
				BBF36A8B228FE2B0008326DF /* Resources */,
			);
			buildRules = (
			);
			dependencies = (
			);
			name = AutoResizeTableView;
			productName = AutoResizeTableView;
			productReference = BBF36A8D228FE2B0008326DF /* AutoResizeTableView.app */;
			productType = "com.apple.product-type.application";
		};
/* End PBXNativeTarget section */

/* Begin PBXProject section */
		BBF36A85228FE2B0008326DF /* Project object */ = {
			isa = PBXProject;
			attributes = {
				LastSwiftUpdateCheck = 1020;
				LastUpgradeCheck = 1020;
				ORGANIZATIONNAME = "Abhishek Shukla";
				TargetAttributes = {
					BBF36A8C228FE2B0008326DF = {
						CreatedOnToolsVersion = 10.2.1;
					};
				};
			};
			buildConfigurationList = BBF36A88228FE2B0008326DF /* Build configuration list for PBXProject "AutoResizeTableView" */;
			compatibilityVersion = "Xcode 9.3";
			developmentRegion = en;
			hasScannedForEncodings = 0;
			knownRegions = (
				en,
				Base,
			);
			mainGroup = BBF36A84228FE2B0008326DF;
			productRefGroup = BBF36A8E228FE2B0008326DF /* Products */;
			projectDirPath = "";
			projectRoot = "";
			targets = (
				BBF36A8C228FE2B0008326DF /* AutoResizeTableView */,
			);
		};
/* End PBXProject section */

/* Begin PBXResourcesBuildPhase section */
		BBF36A8B228FE2B0008326DF /* Resources */ = {
			isa = PBXResourcesBuildPhase;
			buildActionMask = 2147483647;
			files = (
				BBF36A9B228FE2B2008326DF /* LaunchScreen.storyboard in Resources */,
				BBF36AAD228FE959008326DF /* directors.json in Resources */,
				BBF36A98228FE2B2008326DF /* Assets.xcassets in Resources */,
				BBF36A96228FE2B0008326DF /* Main.storyboard in Resources */,
			);
			runOnlyForDeploymentPostprocessing = 0;
		};
/* End PBXResourcesBuildPhase section */

/* Begin PBXSourcesBuildPhase section */
		BBF36A89228FE2B0008326DF /* Sources */ = {
			isa = PBXSourcesBuildPhase;
			buildActionMask = 2147483647;
			files = (
				BBF49E44229124BA0087327E /* FilmTableViewCell.swift in Sources */,
				BBF36AA4228FE4DE008326DF /* Directors.swift in Sources */,
				BBF36AB122900916008326DF /* DirectorsTableViewCell.swift in Sources */,
				BBF36AA6228FE51E008326DF /* Films.swift in Sources */,
				BBF36A93228FE2B0008326DF /* ViewController.swift in Sources */,
				BBF36A91228FE2B0008326DF /* AppDelegate.swift in Sources */,
				BBF36AAB228FE901008326DF /* DirectorDetailViewController.swift in Sources */,
			);
			runOnlyForDeploymentPostprocessing = 0;
		};
/* End PBXSourcesBuildPhase section */

/* Begin PBXVariantGroup section */
		BBF36A94228FE2B0008326DF /* Main.storyboard */ = {
			isa = PBXVariantGroup;
			children = (
				BBF36A95228FE2B0008326DF /* Base */,
			);
			name = Main.storyboard;
			sourceTree = "<group>";
		};
		BBF36A99228FE2B2008326DF /* LaunchScreen.storyboard */ = {
			isa = PBXVariantGroup;
			children = (
				BBF36A9A228FE2B2008326DF /* Base */,
			);
			name = LaunchScreen.storyboard;
			sourceTree = "<group>";
		};
/* End PBXVariantGroup section */

/* Begin XCBuildConfiguration section */
		BBF36A9D228FE2B2008326DF /* Debug */ = {
			isa = XCBuildConfiguration;
			buildSettings = {
				ALWAYS_SEARCH_USER_PATHS = NO;
				CLANG_ANALYZER_NONNULL = YES;
				CLANG_ANALYZER_NUMBER_OBJECT_CONVERSION = YES_AGGRESSIVE;
				CLANG_CXX_LANGUAGE_STANDARD = "gnu++14";
				CLANG_CXX_LIBRARY = "libc++";
				CLANG_ENABLE_MODULES = YES;
				CLANG_ENABLE_OBJC_ARC = YES;
				CLANG_ENABLE_OBJC_WEAK = YES;
				CLANG_WARN_BLOCK_CAPTURE_AUTORELEASING = YES;
				CLANG_WARN_BOOL_CONVERSION = YES;
				CLANG_WARN_COMMA = YES;
				CLANG_WARN_CONSTANT_CONVERSION = YES;
				CLANG_WARN_DEPRECATED_OBJC_IMPLEMENTATIONS = YES;
				CLANG_WARN_DIRECT_OBJC_ISA_USAGE = YES_ERROR;
				CLANG_WARN_DOCUMENTATION_COMMENTS = YES;
				CLANG_WARN_EMPTY_BODY = YES;
				CLANG_WARN_ENUM_CONVERSION = YES;
				CLANG_WARN_INFINITE_RECURSION = YES;
				CLANG_WARN_INT_CONVERSION = YES;
				CLANG_WARN_NON_LITERAL_NULL_CONVERSION = YES;
				CLANG_WARN_OBJC_IMPLICIT_RETAIN_SELF = YES;
				CLANG_WARN_OBJC_LITERAL_CONVERSION = YES;
				CLANG_WARN_OBJC_ROOT_CLASS = YES_ERROR;
				CLANG_WARN_RANGE_LOOP_ANALYSIS = YES;
				CLANG_WARN_STRICT_PROTOTYPES = YES;
				CLANG_WARN_SUSPICIOUS_MOVE = YES;
				CLANG_WARN_UNGUARDED_AVAILABILITY = YES_AGGRESSIVE;
				CLANG_WARN_UNREACHABLE_CODE = YES;
				CLANG_WARN__DUPLICATE_METHOD_MATCH = YES;
				CODE_SIGN_IDENTITY = "iPhone Developer";
				COPY_PHASE_STRIP = NO;
				DEBUG_INFORMATION_FORMAT = dwarf;
				ENABLE_STRICT_OBJC_MSGSEND = YES;
				ENABLE_TESTABILITY = YES;
				GCC_C_LANGUAGE_STANDARD = gnu11;
				GCC_DYNAMIC_NO_PIC = NO;
				GCC_NO_COMMON_BLOCKS = YES;
				GCC_OPTIMIZATION_LEVEL = 0;
				GCC_PREPROCESSOR_DEFINITIONS = (
					"DEBUG=1",
					"$(inherited)",
				);
				GCC_WARN_64_TO_32_BIT_CONVERSION = YES;
				GCC_WARN_ABOUT_RETURN_TYPE = YES_ERROR;
				GCC_WARN_UNDECLARED_SELECTOR = YES;
				GCC_WARN_UNINITIALIZED_AUTOS = YES_AGGRESSIVE;
				GCC_WARN_UNUSED_FUNCTION = YES;
				GCC_WARN_UNUSED_VARIABLE = YES;
				IPHONEOS_DEPLOYMENT_TARGET = 12.2;
				MTL_ENABLE_DEBUG_INFO = INCLUDE_SOURCE;
				MTL_FAST_MATH = YES;
				ONLY_ACTIVE_ARCH = YES;
				SDKROOT = iphoneos;
				SWIFT_ACTIVE_COMPILATION_CONDITIONS = DEBUG;
				SWIFT_OPTIMIZATION_LEVEL = "-Onone";
			};
			name = Debug;
		};
		BBF36A9E228FE2B2008326DF /* Release */ = {
			isa = XCBuildConfiguration;
			buildSettings = {
				ALWAYS_SEARCH_USER_PATHS = NO;
				CLANG_ANALYZER_NONNULL = YES;
				CLANG_ANALYZER_NUMBER_OBJECT_CONVERSION = YES_AGGRESSIVE;
				CLANG_CXX_LANGUAGE_STANDARD = "gnu++14";
				CLANG_CXX_LIBRARY = "libc++";
				CLANG_ENABLE_MODULES = YES;
				CLANG_ENABLE_OBJC_ARC = YES;
				CLANG_ENABLE_OBJC_WEAK = YES;
				CLANG_WARN_BLOCK_CAPTURE_AUTORELEASING = YES;
				CLANG_WARN_BOOL_CONVERSION = YES;
				CLANG_WARN_COMMA = YES;
				CLANG_WARN_CONSTANT_CONVERSION = YES;
				CLANG_WARN_DEPRECATED_OBJC_IMPLEMENTATIONS = YES;
				CLANG_WARN_DIRECT_OBJC_ISA_USAGE = YES_ERROR;
				CLANG_WARN_DOCUMENTATION_COMMENTS = YES;
				CLANG_WARN_EMPTY_BODY = YES;
				CLANG_WARN_ENUM_CONVERSION = YES;
				CLANG_WARN_INFINITE_RECURSION = YES;
				CLANG_WARN_INT_CONVERSION = YES;
				CLANG_WARN_NON_LITERAL_NULL_CONVERSION = YES;
				CLANG_WARN_OBJC_IMPLICIT_RETAIN_SELF = YES;
				CLANG_WARN_OBJC_LITERAL_CONVERSION = YES;
				CLANG_WARN_OBJC_ROOT_CLASS = YES_ERROR;
				CLANG_WARN_RANGE_LOOP_ANALYSIS = YES;
				CLANG_WARN_STRICT_PROTOTYPES = YES;
				CLANG_WARN_SUSPICIOUS_MOVE = YES;
				CLANG_WARN_UNGUARDED_AVAILABILITY = YES_AGGRESSIVE;
				CLANG_WARN_UNREACHABLE_CODE = YES;
				CLANG_WARN__DUPLICATE_METHOD_MATCH = YES;
				CODE_SIGN_IDENTITY = "iPhone Developer";
				COPY_PHASE_STRIP = NO;
				DEBUG_INFORMATION_FORMAT = "dwarf-with-dsym";
				ENABLE_NS_ASSERTIONS = NO;
				ENABLE_STRICT_OBJC_MSGSEND = YES;
				GCC_C_LANGUAGE_STANDARD = gnu11;
				GCC_NO_COMMON_BLOCKS = YES;
				GCC_WARN_64_TO_32_BIT_CONVERSION = YES;
				GCC_WARN_ABOUT_RETURN_TYPE = YES_ERROR;
				GCC_WARN_UNDECLARED_SELECTOR = YES;
				GCC_WARN_UNINITIALIZED_AUTOS = YES_AGGRESSIVE;
				GCC_WARN_UNUSED_FUNCTION = YES;
				GCC_WARN_UNUSED_VARIABLE = YES;
				IPHONEOS_DEPLOYMENT_TARGET = 12.2;
				MTL_ENABLE_DEBUG_INFO = NO;
				MTL_FAST_MATH = YES;
				SDKROOT = iphoneos;
				SWIFT_COMPILATION_MODE = wholemodule;
				SWIFT_OPTIMIZATION_LEVEL = "-O";
				VALIDATE_PRODUCT = YES;
			};
			name = Release;
		};
		BBF36AA0228FE2B2008326DF /* Debug */ = {
			isa = XCBuildConfiguration;
			buildSettings = {
				ASSETCATALOG_COMPILER_APPICON_NAME = AppIcon;
				CODE_SIGN_STYLE = Manual;
				DEVELOPMENT_TEAM = "";
				INFOPLIST_FILE = AutoResizeTableView/Info.plist;
				IPHONEOS_DEPLOYMENT_TARGET = 12.0;
				LD_RUNPATH_SEARCH_PATHS = (
					"$(inherited)",
					"@executable_path/Frameworks",
				);
				PRODUCT_BUNDLE_IDENTIFIER = com.AbhishekShukla.AutoResizeTableView;
				PRODUCT_NAME = "$(TARGET_NAME)";
				PROVISIONING_PROFILE_SPECIFIER = "";
				SWIFT_VERSION = 5.0;
				TARGETED_DEVICE_FAMILY = "1,2";
			};
			name = Debug;
		};
		BBF36AA1228FE2B2008326DF /* Release */ = {
			isa = XCBuildConfiguration;
			buildSettings = {
				ASSETCATALOG_COMPILER_APPICON_NAME = AppIcon;
				CODE_SIGN_STYLE = Manual;
				DEVELOPMENT_TEAM = "";
				INFOPLIST_FILE = AutoResizeTableView/Info.plist;
				IPHONEOS_DEPLOYMENT_TARGET = 12.0;
				LD_RUNPATH_SEARCH_PATHS = (
					"$(inherited)",
					"@executable_path/Frameworks",
				);
				PRODUCT_BUNDLE_IDENTIFIER = com.AbhishekShukla.AutoResizeTableView;
				PRODUCT_NAME = "$(TARGET_NAME)";
				PROVISIONING_PROFILE_SPECIFIER = "";
				SWIFT_VERSION = 5.0;
				TARGETED_DEVICE_FAMILY = "1,2";
			};
			name = Release;
		};
/* End XCBuildConfiguration section */

/* Begin XCConfigurationList section */
		BBF36A88228FE2B0008326DF /* Build configuration list for PBXProject "AutoResizeTableView" */ = {
			isa = XCConfigurationList;
			buildConfigurations = (
				BBF36A9D228FE2B2008326DF /* Debug */,
				BBF36A9E228FE2B2008326DF /* Release */,
			);
			defaultConfigurationIsVisible = 0;
			defaultConfigurationName = Release;
		};
		BBF36A9F228FE2B2008326DF /* Build configuration list for PBXNativeTarget "AutoResizeTableView" */ = {
			isa = XCConfigurationList;
			buildConfigurations = (
				BBF36AA0228FE2B2008326DF /* Debug */,
				BBF36AA1228FE2B2008326DF /* Release */,
			);
			defaultConfigurationIsVisible = 0;
			defaultConfigurationName = Release;
		};
/* End XCConfigurationList section */
	};
	rootObject = BBF36A85228FE2B0008326DF /* Project object */;
}
